
Microsoft Visual Studio Solution File, Format Version 12.00
# Visual Studio 2012
Project("{FAE04EC0-301F-11D3-BF4B-00C04F79EFBC}") = "cs408_project", "cs408_project\cs408_project.csproj", "{B594264A-D52D-4246-9F9C-94C17CAB6620}"
EndProject
Global
	GlobalSection(SolutionConfigurationPlatforms) = preSolution
		Debug|Any CPU = Debug|Any CPU
		Release|Any CPU = Release|Any CPU
	EndGlobalSection
	GlobalSection(ProjectConfigurationPlatforms) = postSolution
		{B594264A-D52D-4246-9F9C-94C17CAB6620}.Debug|Any CPU.ActiveCfg = Debug|Any CPU
		{B594264A-D52D-4246-9F9C-94C17CAB6620}.Debug|Any CPU.Build.0 = Debug|Any CPU
		{B594264A-D52D-4246-9F9C-94C17CAB6620}.Release|Any CPU.ActiveCfg = Release|Any CPU
		{B594264A-D52D-4246-9F9C-94C17CAB6620}.Release|Any CPU.Build.0 = Release|Any CPU
	EndGlobalSection
	GlobalSection(SolutionProperties) = preSolution
		HideSolutionNode = FALSE
	EndGlobalSection
EndGlobal
